
Microsoft Visual Studio Solution File, Format Version 12.00
# Visual Studio 15
VisualStudioVersion = 15.0.28010.2048
MinimumVisualStudioVersion = 10.0.40219.1
Project("{F184B08F-C81C-45F6-A57F-5ABD9991F28F}") = "WindowsApp5", "WindowsApp5\WindowsApp5.vbproj", "{13350100-6372-4E40-8CC3-FB541B1A8B36}"
EndProject
Global
	GlobalSection(SolutionConfigurationPlatforms) = preSolution
		Debug|Any CPU = Debug|Any CPU
		Release|Any CPU = Release|Any CPU
	EndGlobalSection
	GlobalSection(ProjectConfigurationPlatforms) = postSolution
		{13350100-6372-4E40-8CC3-FB541B1A8B36}.Debug|Any CPU.ActiveCfg = Debug|Any CPU
		{13350100-6372-4E40-8CC3-FB541B1A8B36}.Debug|Any CPU.Build.0 = Debug|Any CPU
		{13350100-6372-4E40-8CC3-FB541B1A8B36}.Release|Any CPU.ActiveCfg = Release|Any CPU
		{13350100-6372-4E40-8CC3-FB541B1A8B36}.Release|Any CPU.Build.0 = Release|Any CPU
	EndGlobalSection
	GlobalSection(SolutionProperties) = preSolution
		HideSolutionNode = FALSE
	EndGlobalSection
	GlobalSection(ExtensibilityGlobals) = postSolution
		SolutionGuid = {D52B2BBB-170C-40D2-A6AF-D6CD6E366115}
	EndGlobalSection
EndGlobal
